// !$*UTF8*$!
{
	archiveVersion = 1;
	classes = {
	};
	objectVersion = 46;
	objects = {

/* Begin PBXBuildFile section */
		CEFBBA671C1B45C30027A6A2 /* AppDelegate.swift in Sources */ = {isa = PBXBuildFile; fileRef = CEFBBA661C1B45C30027A6A2 /* AppDelegate.swift */; };
		CEFBBA691C1B45C30027A6A2 /* ViewController.swift in Sources */ = {isa = PBXBuildFile; fileRef = CEFBBA681C1B45C30027A6A2 /* ViewController.swift */; };
		CEFBBA6C1C1B45C30027A6A2 /* Main.storyboard in Resources */ = {isa = PBXBuildFile; fileRef = CEFBBA6A1C1B45C30027A6A2 /* Main.storyboard */; };
		CEFBBA6E1C1B45C30027A6A2 /* Assets.xcassets in Resources */ = {isa = PBXBuildFile; fileRef = CEFBBA6D1C1B45C30027A6A2 /* Assets.xcassets */; };
		CEFBBA711C1B45C30027A6A2 /* LaunchScreen.storyboard in Resources */ = {isa = PBXBuildFile; fileRef = CEFBBA6F1C1B45C30027A6A2 /* LaunchScreen.storyboard */; };
		CEFBBA7C1C1B45C30027A6A2 /* tipsTests.swift in Sources */ = {isa = PBXBuildFile; fileRef = CEFBBA7B1C1B45C30027A6A2 /* tipsTests.swift */; };
		CEFBBA871C1B45C30027A6A2 /* tipsUITests.swift in Sources */ = {isa = PBXBuildFile; fileRef = CEFBBA861C1B45C30027A6A2 /* tipsUITests.swift */; };
/* End PBXBuildFile section */

/* Begin PBXContainerItemProxy section */
		CEFBBA781C1B45C30027A6A2 /* PBXContainerItemProxy */ = {
			isa = PBXContainerItemProxy;
			containerPortal = CEFBBA5B1C1B45C30027A6A2 /* Project object */;
			proxyType = 1;
			remoteGlobalIDString = CEFBBA621C1B45C30027A6A2;
			remoteInfo = tips;
		};
		CEFBBA831C1B45C30027A6A2 /* PBXContainerItemProxy */ = {
			isa = PBXContainerItemProxy;
			containerPortal = CEFBBA5B1C1B45C30027A6A2 /* Project object */;
			proxyType = 1;
			remoteGlobalIDString = CEFBBA621C1B45C30027A6A2;
			remoteInfo = tips;
		};
/* End PBXContainerItemProxy section */

/* Begin PBXFileReference section */
		CEFBBA631C1B45C30027A6A2 /* tips.app */ = {isa = PBXFileReference; explicitFileType = wrapper.application; includeInIndex = 0; path = tips.app; sourceTree = BUILT_PRODUCTS_DIR; };
		CEFBBA661C1B45C30027A6A2 /* AppDelegate.swift */ = {isa = PBXFileReference; lastKnownFileType = sourcecode.swift; path = AppDelegate.swift; sourceTree = "<group>"; };
		CEFBBA681C1B45C30027A6A2 /* ViewController.swift */ = {isa = PBXFileReference; lastKnownFileType = sourcecode.swift; path = ViewController.swift; sourceTree = "<group>"; };
		CEFBBA6B1C1B45C30027A6A2 /* Base */ = {isa = PBXFileReference; lastKnownFileType = file.storyboard; name = Base; path = Base.lproj/Main.storyboard; sourceTree = "<group>"; };
		CEFBBA6D1C1B45C30027A6A2 /* Assets.xcassets */ = {isa = PBXFileReference; lastKnownFileType = folder.assetcatalog; path = Assets.xcassets; sourceTree = "<group>"; };
		CEFBBA701C1B45C30027A6A2 /* Base */ = {isa = PBXFileReference; lastKnownFileType = file.storyboard; name = Base; path = Base.lproj/LaunchScreen.storyboard; sourceTree = "<group>"; };
		CEFBBA721C1B45C30027A6A2 /* Info.plist */ = {isa = PBXFileReference; lastKnownFileType = text.plist.xml; path = Info.plist; sourceTree = "<group>"; };
		CEFBBA771C1B45C30027A6A2 /* tipsTests.xctest */ = {isa = PBXFileReference; explicitFileType = wrapper.cfbundle; includeInIndex = 0; path = tipsTests.xctest; sourceTree = BUILT_PRODUCTS_DIR; };
		CEFBBA7B1C1B45C30027A6A2 /* tipsTests.swift */ = {isa = PBXFileReference; lastKnownFileType = sourcecode.swift; path = tipsTests.swift; sourceTree = "<group>"; };
		CEFBBA7D1C1B45C30027A6A2 /* Info.plist */ = {isa = PBXFileReference; lastKnownFileType = text.plist.xml; path = Info.plist; sourceTree = "<group>"; };
		CEFBBA821C1B45C30027A6A2 /* tipsUITests.xctest */ = {isa = PBXFileReference; explicitFileType = wrapper.cfbundle; includeInIndex = 0; path = tipsUITests.xctest; sourceTree = BUILT_PRODUCTS_DIR; };
		CEFBBA861C1B45C30027A6A2 /* tipsUITests.swift */ = {isa = PBXFileReference; lastKnownFileType = sourcecode.swift; path = tipsUITests.swift; sourceTree = "<group>"; };
		CEFBBA881C1B45C30027A6A2 /* Info.plist */ = {isa = PBXFileReference; lastKnownFileType = text.plist.xml; path = Info.plist; sourceTree = "<group>"; };
/* End PBXFileReference section */

/* Begin PBXFrameworksBuildPhase section */
		CEFBBA601C1B45C30027A6A2 /* Frameworks */ = {
			isa = PBXFrameworksBuildPhase;
			buildActionMask = 2147483647;
			files = (
			);
			runOnlyForDeploymentPostprocessing = 0;
		};
		CEFBBA741C1B45C30027A6A2 /* Frameworks */ = {
			isa = PBXFrameworksBuildPhase;
			buildActionMask = 2147483647;
			files = (
			);
			runOnlyForDeploymentPostprocessing = 0;
		};
		CEFBBA7F1C1B45C30027A6A2 /* Frameworks */ = {
			isa = PBXFrameworksBuildPhase;
			buildActionMask = 2147483647;
			files = (
			);
			runOnlyForDeploymentPostprocessing = 0;
		};
/* End PBXFrameworksBuildPhase section */

/* Begin PBXGroup section */
		CEFBBA5A1C1B45C30027A6A2 = {
			isa = PBXGroup;
			children = (
				CEFBBA651C1B45C30027A6A2 /* tips */,
				CEFBBA7A1C1B45C30027A6A2 /* tipsTests */,
				CEFBBA851C1B45C30027A6A2 /* tipsUITests */,
				CEFBBA641C1B45C30027A6A2 /* Products */,
			);
			sourceTree = "<group>";
		};
		CEFBBA641C1B45C30027A6A2 /* Products */ = {
			isa = PBXGroup;
			children = (
				CEFBBA631C1B45C30027A6A2 /* tips.app */,
				CEFBBA771C1B45C30027A6A2 /* tipsTests.xctest */,
				CEFBBA821C1B45C30027A6A2 /* tipsUITests.xctest */,
			);
			name = Products;
			sourceTree = "<group>";
		};
		CEFBBA651C1B45C30027A6A2 /* tips */ = {
			isa = PBXGroup;
			children = (
				CEFBBA661C1B45C30027A6A2 /* AppDelegate.swift */,
				CEFBBA681C1B45C30027A6A2 /* ViewController.swift */,
				CEFBBA6A1C1B45C30027A6A2 /* Main.storyboard */,
				CEFBBA6D1C1B45C30027A6A2 /* Assets.xcassets */,
				CEFBBA6F1C1B45C30027A6A2 /* LaunchScreen.storyboard */,
				CEFBBA721C1B45C30027A6A2 /* Info.plist */,
			);
			path = tips;
			sourceTree = "<group>";
		};
		CEFBBA7A1C1B45C30027A6A2 /* tipsTests */ = {
			isa = PBXGroup;
			children = (
				CEFBBA7B1C1B45C30027A6A2 /* tipsTests.swift */,
				CEFBBA7D1C1B45C30027A6A2 /* Info.plist */,
			);
			path = tipsTests;
			sourceTree = "<group>";
		};
		CEFBBA851C1B45C30027A6A2 /* tipsUITests */ = {
			isa = PBXGroup;
			children = (
				CEFBBA861C1B45C30027A6A2 /* tipsUITests.swift */,
				CEFBBA881C1B45C30027A6A2 /* Info.plist */,
			);
			path = tipsUITests;
			sourceTree = "<group>";
		};
/* End PBXGroup section */

/* Begin PBXNativeTarget section */
		CEFBBA621C1B45C30027A6A2 /* tips */ = {
			isa = PBXNativeTarget;
			buildConfigurationList = CEFBBA8B1C1B45C30027A6A2 /* Build configuration list for PBXNativeTarget "tips" */;
			buildPhases = (
				CEFBBA5F1C1B45C30027A6A2 /* Sources */,
				CEFBBA601C1B45C30027A6A2 /* Frameworks */,
				CEFBBA611C1B45C30027A6A2 /* Resources */,
			);
			buildRules = (
			);
			dependencies = (
			);
			name = tips;
			productName = tips;
			productReference = CEFBBA631C1B45C30027A6A2 /* tips.app */;
			productType = "com.apple.product-type.application";
		};
		CEFBBA761C1B45C30027A6A2 /* tipsTests */ = {
			isa = PBXNativeTarget;
			buildConfigurationList = CEFBBA8E1C1B45C30027A6A2 /* Build configuration list for PBXNativeTarget "tipsTests" */;
			buildPhases = (
				CEFBBA731C1B45C30027A6A2 /* Sources */,
				CEFBBA741C1B45C30027A6A2 /* Frameworks */,
				CEFBBA751C1B45C30027A6A2 /* Resources */,
			);
			buildRules = (
			);
			dependencies = (
				CEFBBA791C1B45C30027A6A2 /* PBXTargetDependency */,
			);
			name = tipsTests;
			productName = tipsTests;
			productReference = CEFBBA771C1B45C30027A6A2 /* tipsTests.xctest */;
			productType = "com.apple.product-type.bundle.unit-test";
		};
		CEFBBA811C1B45C30027A6A2 /* tipsUITests */ = {
			isa = PBXNativeTarget;
			buildConfigurationList = CEFBBA911C1B45C30027A6A2 /* Build configuration list for PBXNativeTarget "tipsUITests" */;
			buildPhases = (
				CEFBBA7E1C1B45C30027A6A2 /* Sources */,
				CEFBBA7F1C1B45C30027A6A2 /* Frameworks */,
				CEFBBA801C1B45C30027A6A2 /* Resources */,
			);
			buildRules = (
			);
			dependencies = (
				CEFBBA841C1B45C30027A6A2 /* PBXTargetDependency */,
			);
			name = tipsUITests;
			productName = tipsUITests;
			productReference = CEFBBA821C1B45C30027A6A2 /* tipsUITests.xctest */;
			productType = "com.apple.product-type.bundle.ui-testing";
		};
/* End PBXNativeTarget section */

/* Begin PBXProject section */
		CEFBBA5B1C1B45C30027A6A2 /* Project object */ = {
			isa = PBXProject;
			attributes = {
				LastSwiftUpdateCheck = 0710;
				LastUpgradeCheck = 0710;
				ORGANIZATIONNAME = Zeus;
				TargetAttributes = {
					CEFBBA621C1B45C30027A6A2 = {
						CreatedOnToolsVersion = 7.1.1;
					};
					CEFBBA761C1B45C30027A6A2 = {
						CreatedOnToolsVersion = 7.1.1;
						TestTargetID = CEFBBA621C1B45C30027A6A2;
					};
					CEFBBA811C1B45C30027A6A2 = {
						CreatedOnToolsVersion = 7.1.1;
						TestTargetID = CEFBBA621C1B45C30027A6A2;
					};
				};
			};
			buildConfigurationList = CEFBBA5E1C1B45C30027A6A2 /* Build configuration list for PBXProject "tips" */;
			compatibilityVersion = "Xcode 3.2";
			developmentRegion = English;
			hasScannedForEncodings = 0;
			knownRegions = (
				en,
				Base,
			);
			mainGroup = CEFBBA5A1C1B45C30027A6A2;
			productRefGroup = CEFBBA641C1B45C30027A6A2 /* Products */;
			projectDirPath = "";
			projectRoot = "";
			targets = (
				CEFBBA621C1B45C30027A6A2 /* tips */,
				CEFBBA761C1B45C30027A6A2 /* tipsTests */,
				CEFBBA811C1B45C30027A6A2 /* tipsUITests */,
			);
		};
/* End PBXProject section */

/* Begin PBXResourcesBuildPhase section */
		CEFBBA611C1B45C30027A6A2 /* Resources */ = {
			isa = PBXResourcesBuildPhase;
			buildActionMask = 2147483647;
			files = (
				CEFBBA711C1B45C30027A6A2 /* LaunchScreen.storyboard in Resources */,
				CEFBBA6E1C1B45C30027A6A2 /* Assets.xcassets in Resources */,
				CEFBBA6C1C1B45C30027A6A2 /* Main.storyboard in Resources */,
			);
			runOnlyForDeploymentPostprocessing = 0;
		};
		CEFBBA751C1B45C30027A6A2 /* Resources */ = {
			isa = PBXResourcesBuildPhase;
			buildActionMask = 2147483647;
			files = (
			);
			runOnlyForDeploymentPostprocessing = 0;
		};
		CEFBBA801C1B45C30027A6A2 /* Resources */ = {
			isa = PBXResourcesBuildPhase;
			buildActionMask = 2147483647;
			files = (
			);
			runOnlyForDeploymentPostprocessing = 0;
		};
/* End PBXResourcesBuildPhase section */

/* Begin PBXSourcesBuildPhase section */
		CEFBBA5F1C1B45C30027A6A2 /* Sources */ = {
			isa = PBXSourcesBuildPhase;
			buildActionMask = 2147483647;
			files = (
				CEFBBA691C1B45C30027A6A2 /* ViewController.swift in Sources */,
				CEFBBA671C1B45C30027A6A2 /* AppDelegate.swift in Sources */,
			);
			runOnlyForDeploymentPostprocessing = 0;
		};
		CEFBBA731C1B45C30027A6A2 /* Sources */ = {
			isa = PBXSourcesBuildPhase;
			buildActionMask = 2147483647;
			files = (
				CEFBBA7C1C1B45C30027A6A2 /* tipsTests.swift in Sources */,
			);
			runOnlyForDeploymentPostprocessing = 0;
		};
		CEFBBA7E1C1B45C30027A6A2 /* Sources */ = {
			isa = PBXSourcesBuildPhase;
			buildActionMask = 2147483647;
			files = (
				CEFBBA871C1B45C30027A6A2 /* tipsUITests.swift in Sources */,
			);
			runOnlyForDeploymentPostprocessing = 0;
		};
/* End PBXSourcesBuildPhase section */

/* Begin PBXTargetDependency section */
		CEFBBA791C1B45C30027A6A2 /* PBXTargetDependency */ = {
			isa = PBXTargetDependency;
			target = CEFBBA621C1B45C30027A6A2 /* tips */;
			targetProxy = CEFBBA781C1B45C30027A6A2 /* PBXContainerItemProxy */;
		};
		CEFBBA841C1B45C30027A6A2 /* PBXTargetDependency */ = {
			isa = PBXTargetDependency;
			target = CEFBBA621C1B45C30027A6A2 /* tips */;
			targetProxy = CEFBBA831C1B45C30027A6A2 /* PBXContainerItemProxy */;
		};
/* End PBXTargetDependency section */

/* Begin PBXVariantGroup section */
		CEFBBA6A1C1B45C30027A6A2 /* Main.storyboard */ = {
			isa = PBXVariantGroup;
			children = (
				CEFBBA6B1C1B45C30027A6A2 /* Base */,
			);
			name = Main.storyboard;
			sourceTree = "<group>";
		};
		CEFBBA6F1C1B45C30027A6A2 /* LaunchScreen.storyboard */ = {
			isa = PBXVariantGroup;
			children = (
				CEFBBA701C1B45C30027A6A2 /* Base */,
			);
			name = LaunchScreen.storyboard;
			sourceTree = "<group>";
		};
/* End PBXVariantGroup section */

/* Begin XCBuildConfiguration section */
		CEFBBA891C1B45C30027A6A2 /* Debug */ = {
			isa = XCBuildConfiguration;
			buildSettings = {
				ALWAYS_SEARCH_USER_PATHS = NO;
				CLANG_CXX_LANGUAGE_STANDARD = "gnu++0x";
				CLANG_CXX_LIBRARY = "libc++";
				CLANG_ENABLE_MODULES = YES;
				CLANG_ENABLE_OBJC_ARC = YES;
				CLANG_WARN_BOOL_CONVERSION = YES;
				CLANG_WARN_CONSTANT_CONVERSION = YES;
				CLANG_WARN_DIRECT_OBJC_ISA_USAGE = YES_ERROR;
				CLANG_WARN_EMPTY_BODY = YES;
				CLANG_WARN_ENUM_CONVERSION = YES;
				CLANG_WARN_INT_CONVERSION = YES;
				CLANG_WARN_OBJC_ROOT_CLASS = YES_ERROR;
				CLANG_WARN_UNREACHABLE_CODE = YES;
				CLANG_WARN__DUPLICATE_METHOD_MATCH = YES;
				"CODE_SIGN_IDENTITY[sdk=iphoneos*]" = "iPhone Developer";
				COPY_PHASE_STRIP = NO;
				DEBUG_INFORMATION_FORMAT = dwarf;
				ENABLE_STRICT_OBJC_MSGSEND = YES;
				ENABLE_TESTABILITY = YES;
				GCC_C_LANGUAGE_STANDARD = gnu99;
				GCC_DYNAMIC_NO_PIC = NO;
				GCC_NO_COMMON_BLOCKS = YES;
				GCC_OPTIMIZATION_LEVEL = 0;
				GCC_PREPROCESSOR_DEFINITIONS = (
					"DEBUG=1",
					"$(inherited)",
				);
				GCC_WARN_64_TO_32_BIT_CONVERSION = YES;
				GCC_WARN_ABOUT_RETURN_TYPE = YES_ERROR;
				GCC_WARN_UNDECLARED_SELECTOR = YES;
				GCC_WARN_UNINITIALIZED_AUTOS = YES_AGGRESSIVE;
				GCC_WARN_UNUSED_FUNCTION = YES;
				GCC_WARN_UNUSED_VARIABLE = YES;
				IPHONEOS_DEPLOYMENT_TARGET = 9.1;
				MTL_ENABLE_DEBUG_INFO = YES;
				ONLY_ACTIVE_ARCH = YES;
				SDKROOT = iphoneos;
				SWIFT_OPTIMIZATION_LEVEL = "-Onone";
			};
			name = Debug;
		};
		CEFBBA8A1C1B45C30027A6A2 /* Release */ = {
			isa = XCBuildConfiguration;
			buildSettings = {
				ALWAYS_SEARCH_USER_PATHS = NO;
				CLANG_CXX_LANGUAGE_STANDARD = "gnu++0x";
				CLANG_CXX_LIBRARY = "libc++";
				CLANG_ENABLE_MODULES = YES;
				CLANG_ENABLE_OBJC_ARC = YES;
				CLANG_WARN_BOOL_CONVERSION = YES;
				CLANG_WARN_CONSTANT_CONVERSION = YES;
				CLANG_WARN_DIRECT_OBJC_ISA_USAGE = YES_ERROR;
				CLANG_WARN_EMPTY_BODY = YES;
				CLANG_WARN_ENUM_CONVERSION = YES;
				CLANG_WARN_INT_CONVERSION = YES;
				CLANG_WARN_OBJC_ROOT_CLASS = YES_ERROR;
				CLANG_WARN_UNREACHABLE_CODE = YES;
				CLANG_WARN__DUPLICATE_METHOD_MATCH = YES;
				"CODE_SIGN_IDENTITY[sdk=iphoneos*]" = "iPhone Developer";
				COPY_PHASE_STRIP = NO;
				DEBUG_INFORMATION_FORMAT = "dwarf-with-dsym";
				ENABLE_NS_ASSERTIONS = NO;
				ENABLE_STRICT_OBJC_MSGSEND = YES;
				GCC_C_LANGUAGE_STANDARD = gnu99;
				GCC_NO_COMMON_BLOCKS = YES;
				GCC_WARN_64_TO_32_BIT_CONVERSION = YES;
				GCC_WARN_ABOUT_RETURN_TYPE = YES_ERROR;
				GCC_WARN_UNDECLARED_SELECTOR = YES;
				GCC_WARN_UNINITIALIZED_AUTOS = YES_AGGRESSIVE;
				GCC_WARN_UNUSED_FUNCTION = YES;
				GCC_WARN_UNUSED_VARIABLE = YES;
				IPHONEOS_DEPLOYMENT_TARGET = 9.1;
				MTL_ENABLE_DEBUG_INFO = NO;
				SDKROOT = iphoneos;
				VALIDATE_PRODUCT = YES;
			};
			name = Release;
		};
		CEFBBA8C1C1B45C30027A6A2 /* Debug */ = {
			isa = XCBuildConfiguration;
			buildSettings = {
				ASSETCATALOG_COMPILER_APPICON_NAME = AppIcon;
				INFOPLIST_FILE = tips/Info.plist;
				LD_RUNPATH_SEARCH_PATHS = "$(inherited) @executable_path/Frameworks";
				PRODUCT_BUNDLE_IDENTIFIER = Zeus.tips;
				PRODUCT_NAME = "$(TARGET_NAME)";
			};
			name = Debug;
		};
		CEFBBA8D1C1B45C30027A6A2 /* Release */ = {
			isa = XCBuildConfiguration;
			buildSettings = {
				ASSETCATALOG_COMPILER_APPICON_NAME = AppIcon;
				INFOPLIST_FILE = tips/Info.plist;
				LD_RUNPATH_SEARCH_PATHS = "$(inherited) @executable_path/Frameworks";
				PRODUCT_BUNDLE_IDENTIFIER = Zeus.tips;
				PRODUCT_NAME = "$(TARGET_NAME)";
			};
			name = Release;
		};
		CEFBBA8F1C1B45C30027A6A2 /* Debug */ = {
			isa = XCBuildConfiguration;
			buildSettings = {
				BUNDLE_LOADER = "$(TEST_HOST)";
				INFOPLIST_FILE = tipsTests/Info.plist;
				LD_RUNPATH_SEARCH_PATHS = "$(inherited) @executable_path/Frameworks @loader_path/Frameworks";
				PRODUCT_BUNDLE_IDENTIFIER = Zeus.tipsTests;
				PRODUCT_NAME = "$(TARGET_NAME)";
				TEST_HOST = "$(BUILT_PRODUCTS_DIR)/tips.app/tips";
			};
			name = Debug;
		};
		CEFBBA901C1B45C30027A6A2 /* Release */ = {
			isa = XCBuildConfiguration;
			buildSettings = {
				BUNDLE_LOADER = "$(TEST_HOST)";
				INFOPLIST_FILE = tipsTests/Info.plist;
				LD_RUNPATH_SEARCH_PATHS = "$(inherited) @executable_path/Frameworks @loader_path/Frameworks";
				PRODUCT_BUNDLE_IDENTIFIER = Zeus.tipsTests;
				PRODUCT_NAME = "$(TARGET_NAME)";
				TEST_HOST = "$(BUILT_PRODUCTS_DIR)/tips.app/tips";
			};
			name = Release;
		};
		CEFBBA921C1B45C30027A6A2 /* Debug */ = {
			isa = XCBuildConfiguration;
			buildSettings = {
				INFOPLIST_FILE = tipsUITests/Info.plist;
				LD_RUNPATH_SEARCH_PATHS = "$(inherited) @executable_path/Frameworks @loader_path/Frameworks";
				PRODUCT_BUNDLE_IDENTIFIER = Zeus.tipsUITests;
				PRODUCT_NAME = "$(TARGET_NAME)";
				TEST_TARGET_NAME = tips;
				USES_XCTRUNNER = YES;
			};
			name = Debug;
		};
		CEFBBA931C1B45C30027A6A2 /* Release */ = {
			isa = XCBuildConfiguration;
			buildSettings = {
				INFOPLIST_FILE = tipsUITests/Info.plist;
				LD_RUNPATH_SEARCH_PATHS = "$(inherited) @executable_path/Frameworks @loader_path/Frameworks";
				PRODUCT_BUNDLE_IDENTIFIER = Zeus.tipsUITests;
				PRODUCT_NAME = "$(TARGET_NAME)";
				TEST_TARGET_NAME = tips;
				USES_XCTRUNNER = YES;
			};
			name = Release;
		};
/* End XCBuildConfiguration section */

/* Begin XCConfigurationList section */
		CEFBBA5E1C1B45C30027A6A2 /* Build configuration list for PBXProject "tips" */ = {
			isa = XCConfigurationList;
			buildConfigurations = (
				CEFBBA891C1B45C30027A6A2 /* Debug */,
				CEFBBA8A1C1B45C30027A6A2 /* Release */,
			);
			defaultConfigurationIsVisible = 0;
			defaultConfigurationName = Release;
		};
		CEFBBA8B1C1B45C30027A6A2 /* Build configuration list for PBXNativeTarget "tips" */ = {
			isa = XCConfigurationList;
			buildConfigurations = (
				CEFBBA8C1C1B45C30027A6A2 /* Debug */,
				CEFBBA8D1C1B45C30027A6A2 /* Release */,
			);
			defaultConfigurationIsVisible = 0;
		};
		CEFBBA8E1C1B45C30027A6A2 /* Build configuration list for PBXNativeTarget "tipsTests" */ = {
			isa = XCConfigurationList;
			buildConfigurations = (
				CEFBBA8F1C1B45C30027A6A2 /* Debug */,
				CEFBBA901C1B45C30027A6A2 /* Release */,
			);
			defaultConfigurationIsVisible = 0;
		};
		CEFBBA911C1B45C30027A6A2 /* Build configuration list for PBXNativeTarget "tipsUITests" */ = {
			isa = XCConfigurationList;
			buildConfigurations = (
				CEFBBA921C1B45C30027A6A2 /* Debug */,
				CEFBBA931C1B45C30027A6A2 /* Release */,
			);
			defaultConfigurationIsVisible = 0;
		};
/* End XCConfigurationList section */
	};
	rootObject = CEFBBA5B1C1B45C30027A6A2 /* Project object */;
}
